// !$*UTF8*$!
{
	archiveVersion = 1;
	classes = {
	};
	objectVersion = 46;
	objects = {

/* Begin PBXBuildFile section */
		182F9A761B6DA334001BFEBC /* main.m in Sources */ = {isa = PBXBuildFile; fileRef = 182F9A751B6DA334001BFEBC /* main.m */; };
		182F9A791B6DA334001BFEBC /* AppDelegate.m in Sources */ = {isa = PBXBuildFile; fileRef = 182F9A781B6DA334001BFEBC /* AppDelegate.m */; };
		182F9A7C1B6DA334001BFEBC /* ViewController.m in Sources */ = {isa = PBXBuildFile; fileRef = 182F9A7B1B6DA334001BFEBC /* ViewController.m */; };
		182F9A7F1B6DA334001BFEBC /* Main.storyboard in Resources */ = {isa = PBXBuildFile; fileRef = 182F9A7D1B6DA334001BFEBC /* Main.storyboard */; };
		182F9A811B6DA334001BFEBC /* Images.xcassets in Resources */ = {isa = PBXBuildFile; fileRef = 182F9A801B6DA334001BFEBC /* Images.xcassets */; };
		182F9A841B6DA334001BFEBC /* LaunchScreen.xib in Resources */ = {isa = PBXBuildFile; fileRef = 182F9A821B6DA334001BFEBC /* LaunchScreen.xib */; };
		182F9A901B6DA334001BFEBC /* DVIViewUtilsTests.m in Sources */ = {isa = PBXBuildFile; fileRef = 182F9A8F1B6DA334001BFEBC /* DVIViewUtilsTests.m */; };
		182F9A9C1B6DA399001BFEBC /* UIView+DVIUtils.m in Sources */ = {isa = PBXBuildFile; fileRef = 182F9A9B1B6DA399001BFEBC /* UIView+DVIUtils.m */; };
/* End PBXBuildFile section */

/* Begin PBXContainerItemProxy section */
		182F9A8A1B6DA334001BFEBC /* PBXContainerItemProxy */ = {
			isa = PBXContainerItemProxy;
			containerPortal = 182F9A681B6DA334001BFEBC /* Project object */;
			proxyType = 1;
			remoteGlobalIDString = 182F9A6F1B6DA334001BFEBC;
			remoteInfo = DVIViewUtils;
		};
/* End PBXContainerItemProxy section */

/* Begin PBXFileReference section */
		182F9A701B6DA334001BFEBC /* DVIViewUtils.app */ = {isa = PBXFileReference; explicitFileType = wrapper.application; includeInIndex = 0; path = DVIViewUtils.app; sourceTree = BUILT_PRODUCTS_DIR; };
		182F9A741B6DA334001BFEBC /* Info.plist */ = {isa = PBXFileReference; lastKnownFileType = text.plist.xml; path = Info.plist; sourceTree = "<group>"; };
		182F9A751B6DA334001BFEBC /* main.m */ = {isa = PBXFileReference; lastKnownFileType = sourcecode.c.objc; path = main.m; sourceTree = "<group>"; };
		182F9A771B6DA334001BFEBC /* AppDelegate.h */ = {isa = PBXFileReference; lastKnownFileType = sourcecode.c.h; path = AppDelegate.h; sourceTree = "<group>"; };
		182F9A781B6DA334001BFEBC /* AppDelegate.m */ = {isa = PBXFileReference; lastKnownFileType = sourcecode.c.objc; path = AppDelegate.m; sourceTree = "<group>"; };
		182F9A7A1B6DA334001BFEBC /* ViewController.h */ = {isa = PBXFileReference; lastKnownFileType = sourcecode.c.h; path = ViewController.h; sourceTree = "<group>"; };
		182F9A7B1B6DA334001BFEBC /* ViewController.m */ = {isa = PBXFileReference; lastKnownFileType = sourcecode.c.objc; path = ViewController.m; sourceTree = "<group>"; };
		182F9A7E1B6DA334001BFEBC /* Base */ = {isa = PBXFileReference; lastKnownFileType = file.storyboard; name = Base; path = Base.lproj/Main.storyboard; sourceTree = "<group>"; };
		182F9A801B6DA334001BFEBC /* Images.xcassets */ = {isa = PBXFileReference; lastKnownFileType = folder.assetcatalog; path = Images.xcassets; sourceTree = "<group>"; };
		182F9A831B6DA334001BFEBC /* Base */ = {isa = PBXFileReference; lastKnownFileType = file.xib; name = Base; path = Base.lproj/LaunchScreen.xib; sourceTree = "<group>"; };
		182F9A891B6DA334001BFEBC /* DVIViewUtilsTests.xctest */ = {isa = PBXFileReference; explicitFileType = wrapper.cfbundle; includeInIndex = 0; path = DVIViewUtilsTests.xctest; sourceTree = BUILT_PRODUCTS_DIR; };
		182F9A8E1B6DA334001BFEBC /* Info.plist */ = {isa = PBXFileReference; lastKnownFileType = text.plist.xml; path = Info.plist; sourceTree = "<group>"; };
		182F9A8F1B6DA334001BFEBC /* DVIViewUtilsTests.m */ = {isa = PBXFileReference; lastKnownFileType = sourcecode.c.objc; path = DVIViewUtilsTests.m; sourceTree = "<group>"; };
		182F9A9A1B6DA399001BFEBC /* UIView+DVIUtils.h */ = {isa = PBXFileReference; fileEncoding = 4; lastKnownFileType = sourcecode.c.h; path = "UIView+DVIUtils.h"; sourceTree = "<group>"; };
		182F9A9B1B6DA399001BFEBC /* UIView+DVIUtils.m */ = {isa = PBXFileReference; fileEncoding = 4; lastKnownFileType = sourcecode.c.objc; path = "UIView+DVIUtils.m"; sourceTree = "<group>"; };
/* End PBXFileReference section */

/* Begin PBXFrameworksBuildPhase section */
		182F9A6D1B6DA334001BFEBC /* Frameworks */ = {
			isa = PBXFrameworksBuildPhase;
			buildActionMask = 2147483647;
			files = (
			);
			runOnlyForDeploymentPostprocessing = 0;
		};
		182F9A861B6DA334001BFEBC /* Frameworks */ = {
			isa = PBXFrameworksBuildPhase;
			buildActionMask = 2147483647;
			files = (
			);
			runOnlyForDeploymentPostprocessing = 0;
		};
/* End PBXFrameworksBuildPhase section */

/* Begin PBXGroup section */
		182F9A671B6DA334001BFEBC = {
			isa = PBXGroup;
			children = (
				182F9A721B6DA334001BFEBC /* DVIViewUtils */,
				182F9A8C1B6DA334001BFEBC /* DVIViewUtilsTests */,
				182F9A711B6DA334001BFEBC /* Products */,
			);
			sourceTree = "<group>";
		};
		182F9A711B6DA334001BFEBC /* Products */ = {
			isa = PBXGroup;
			children = (
				182F9A701B6DA334001BFEBC /* DVIViewUtils.app */,
				182F9A891B6DA334001BFEBC /* DVIViewUtilsTests.xctest */,
			);
			name = Products;
			sourceTree = "<group>";
		};
		182F9A721B6DA334001BFEBC /* DVIViewUtils */ = {
			isa = PBXGroup;
			children = (
				182F9A991B6DA37A001BFEBC /* UIView+DVIUtils */,
				182F9A771B6DA334001BFEBC /* AppDelegate.h */,
				182F9A781B6DA334001BFEBC /* AppDelegate.m */,
				182F9A7A1B6DA334001BFEBC /* ViewController.h */,
				182F9A7B1B6DA334001BFEBC /* ViewController.m */,
				182F9A7D1B6DA334001BFEBC /* Main.storyboard */,
				182F9A801B6DA334001BFEBC /* Images.xcassets */,
				182F9A821B6DA334001BFEBC /* LaunchScreen.xib */,
				182F9A731B6DA334001BFEBC /* Supporting Files */,
			);
			path = DVIViewUtils;
			sourceTree = "<group>";
		};
		182F9A731B6DA334001BFEBC /* Supporting Files */ = {
			isa = PBXGroup;
			children = (
				182F9A741B6DA334001BFEBC /* Info.plist */,
				182F9A751B6DA334001BFEBC /* main.m */,
			);
			name = "Supporting Files";
			sourceTree = "<group>";
		};
		182F9A8C1B6DA334001BFEBC /* DVIViewUtilsTests */ = {
			isa = PBXGroup;
			children = (
				182F9A8F1B6DA334001BFEBC /* DVIViewUtilsTests.m */,
				182F9A8D1B6DA334001BFEBC /* Supporting Files */,
			);
			path = DVIViewUtilsTests;
			sourceTree = "<group>";
		};
		182F9A8D1B6DA334001BFEBC /* Supporting Files */ = {
			isa = PBXGroup;
			children = (
				182F9A8E1B6DA334001BFEBC /* Info.plist */,
			);
			name = "Supporting Files";
			sourceTree = "<group>";
		};
		182F9A991B6DA37A001BFEBC /* UIView+DVIUtils */ = {
			isa = PBXGroup;
			children = (
				182F9A9A1B6DA399001BFEBC /* UIView+DVIUtils.h */,
				182F9A9B1B6DA399001BFEBC /* UIView+DVIUtils.m */,
			);
			path = "UIView+DVIUtils";
			sourceTree = "<group>";
		};
/* End PBXGroup section */

/* Begin PBXNativeTarget section */
		182F9A6F1B6DA334001BFEBC /* DVIViewUtils */ = {
			isa = PBXNativeTarget;
			buildConfigurationList = 182F9A931B6DA334001BFEBC /* Build configuration list for PBXNativeTarget "DVIViewUtils" */;
			buildPhases = (
				182F9A6C1B6DA334001BFEBC /* Sources */,
				182F9A6D1B6DA334001BFEBC /* Frameworks */,
				182F9A6E1B6DA334001BFEBC /* Resources */,
			);
			buildRules = (
			);
			dependencies = (
			);
			name = DVIViewUtils;
			productName = DVIViewUtils;
			productReference = 182F9A701B6DA334001BFEBC /* DVIViewUtils.app */;
			productType = "com.apple.product-type.application";
		};
		182F9A881B6DA334001BFEBC /* DVIViewUtilsTests */ = {
			isa = PBXNativeTarget;
			buildConfigurationList = 182F9A961B6DA334001BFEBC /* Build configuration list for PBXNativeTarget "DVIViewUtilsTests" */;
			buildPhases = (
				182F9A851B6DA334001BFEBC /* Sources */,
				182F9A861B6DA334001BFEBC /* Frameworks */,
				182F9A871B6DA334001BFEBC /* Resources */,
			);
			buildRules = (
			);
			dependencies = (
				182F9A8B1B6DA334001BFEBC /* PBXTargetDependency */,
			);
			name = DVIViewUtilsTests;
			productName = DVIViewUtilsTests;
			productReference = 182F9A891B6DA334001BFEBC /* DVIViewUtilsTests.xctest */;
			productType = "com.apple.product-type.bundle.unit-test";
		};
/* End PBXNativeTarget section */

/* Begin PBXProject section */
		182F9A681B6DA334001BFEBC /* Project object */ = {
			isa = PBXProject;
			attributes = {
				LastUpgradeCheck = 0640;
				ORGANIZATIONNAME = "戴维营教育";
				TargetAttributes = {
					182F9A6F1B6DA334001BFEBC = {
						CreatedOnToolsVersion = 6.4;
					};
					182F9A881B6DA334001BFEBC = {
						CreatedOnToolsVersion = 6.4;
						TestTargetID = 182F9A6F1B6DA334001BFEBC;
					};
				};
			};
			buildConfigurationList = 182F9A6B1B6DA334001BFEBC /* Build configuration list for PBXProject "DVIViewUtils" */;
			compatibilityVersion = "Xcode 3.2";
			developmentRegion = English;
			hasScannedForEncodings = 0;
			knownRegions = (
				en,
				Base,
			);
			mainGroup = 182F9A671B6DA334001BFEBC;
			productRefGroup = 182F9A711B6DA334001BFEBC /* Products */;
			projectDirPath = "";
			projectRoot = "";
			targets = (
				182F9A6F1B6DA334001BFEBC /* DVIViewUtils */,
				182F9A881B6DA334001BFEBC /* DVIViewUtilsTests */,
			);
		};
/* End PBXProject section */

/* Begin PBXResourcesBuildPhase section */
		182F9A6E1B6DA334001BFEBC /* Resources */ = {
			isa = PBXResourcesBuildPhase;
			buildActionMask = 2147483647;
			files = (
				182F9A7F1B6DA334001BFEBC /* Main.storyboard in Resources */,
				182F9A841B6DA334001BFEBC /* LaunchScreen.xib in Resources */,
				182F9A811B6DA334001BFEBC /* Images.xcassets in Resources */,
			);
			runOnlyForDeploymentPostprocessing = 0;
		};
		182F9A871B6DA334001BFEBC /* Resources */ = {
			isa = PBXResourcesBuildPhase;
			buildActionMask = 2147483647;
			files = (
			);
			runOnlyForDeploymentPostprocessing = 0;
		};
/* End PBXResourcesBuildPhase section */

/* Begin PBXSourcesBuildPhase section */
		182F9A6C1B6DA334001BFEBC /* Sources */ = {
			isa = PBXSourcesBuildPhase;
			buildActionMask = 2147483647;
			files = (
				182F9A9C1B6DA399001BFEBC /* UIView+DVIUtils.m in Sources */,
				182F9A7C1B6DA334001BFEBC /* ViewController.m in Sources */,
				182F9A791B6DA334001BFEBC /* AppDelegate.m in Sources */,
				182F9A761B6DA334001BFEBC /* main.m in Sources */,
			);
			runOnlyForDeploymentPostprocessing = 0;
		};
		182F9A851B6DA334001BFEBC /* Sources */ = {
			isa = PBXSourcesBuildPhase;
			buildActionMask = 2147483647;
			files = (
				182F9A901B6DA334001BFEBC /* DVIViewUtilsTests.m in Sources */,
			);
			runOnlyForDeploymentPostprocessing = 0;
		};
/* End PBXSourcesBuildPhase section */

/* Begin PBXTargetDependency section */
		182F9A8B1B6DA334001BFEBC /* PBXTargetDependency */ = {
			isa = PBXTargetDependency;
			target = 182F9A6F1B6DA334001BFEBC /* DVIViewUtils */;
			targetProxy = 182F9A8A1B6DA334001BFEBC /* PBXContainerItemProxy */;
		};
/* End PBXTargetDependency section */

/* Begin PBXVariantGroup section */
		182F9A7D1B6DA334001BFEBC /* Main.storyboard */ = {
			isa = PBXVariantGroup;
			children = (
				182F9A7E1B6DA334001BFEBC /* Base */,
			);
			name = Main.storyboard;
			sourceTree = "<group>";
		};
		182F9A821B6DA334001BFEBC /* LaunchScreen.xib */ = {
			isa = PBXVariantGroup;
			children = (
				182F9A831B6DA334001BFEBC /* Base */,
			);
			name = LaunchScreen.xib;
			sourceTree = "<group>";
		};
/* End PBXVariantGroup section */

/* Begin XCBuildConfiguration section */
		182F9A911B6DA334001BFEBC /* Debug */ = {
			isa = XCBuildConfiguration;
			buildSettings = {
				ALWAYS_SEARCH_USER_PATHS = NO;
				CLANG_CXX_LANGUAGE_STANDARD = "gnu++0x";
				CLANG_CXX_LIBRARY = "libc++";
				CLANG_ENABLE_MODULES = YES;
				CLANG_ENABLE_OBJC_ARC = YES;
				CLANG_WARN_BOOL_CONVERSION = YES;
				CLANG_WARN_CONSTANT_CONVERSION = YES;
				CLANG_WARN_DIRECT_OBJC_ISA_USAGE = YES_ERROR;
				CLANG_WARN_EMPTY_BODY = YES;
				CLANG_WARN_ENUM_CONVERSION = YES;
				CLANG_WARN_INT_CONVERSION = YES;
				CLANG_WARN_OBJC_ROOT_CLASS = YES_ERROR;
				CLANG_WARN_UNREACHABLE_CODE = YES;
				CLANG_WARN__DUPLICATE_METHOD_MATCH = YES;
				"CODE_SIGN_IDENTITY[sdk=iphoneos*]" = "iPhone Developer";
				COPY_PHASE_STRIP = NO;
				DEBUG_INFORMATION_FORMAT = "dwarf-with-dsym";
				ENABLE_STRICT_OBJC_MSGSEND = YES;
				GCC_C_LANGUAGE_STANDARD = gnu99;
				GCC_DYNAMIC_NO_PIC = NO;
				GCC_NO_COMMON_BLOCKS = YES;
				GCC_OPTIMIZATION_LEVEL = 0;
				GCC_PREPROCESSOR_DEFINITIONS = (
					"DEBUG=1",
					"$(inherited)",
				);
				GCC_SYMBOLS_PRIVATE_EXTERN = NO;
				GCC_WARN_64_TO_32_BIT_CONVERSION = YES;
				GCC_WARN_ABOUT_RETURN_TYPE = YES_ERROR;
				GCC_WARN_UNDECLARED_SELECTOR = YES;
				GCC_WARN_UNINITIALIZED_AUTOS = YES_AGGRESSIVE;
				GCC_WARN_UNUSED_FUNCTION = YES;
				GCC_WARN_UNUSED_VARIABLE = YES;
				IPHONEOS_DEPLOYMENT_TARGET = 8.4;
				MTL_ENABLE_DEBUG_INFO = YES;
				ONLY_ACTIVE_ARCH = YES;
				SDKROOT = iphoneos;
			};
			name = Debug;
		};
		182F9A921B6DA334001BFEBC /* Release */ = {
			isa = XCBuildConfiguration;
			buildSettings = {
				ALWAYS_SEARCH_USER_PATHS = NO;
				CLANG_CXX_LANGUAGE_STANDARD = "gnu++0x";
				CLANG_CXX_LIBRARY = "libc++";
				CLANG_ENABLE_MODULES = YES;
				CLANG_ENABLE_OBJC_ARC = YES;
				CLANG_WARN_BOOL_CONVERSION = YES;
				CLANG_WARN_CONSTANT_CONVERSION = YES;
				CLANG_WARN_DIRECT_OBJC_ISA_USAGE = YES_ERROR;
				CLANG_WARN_EMPTY_BODY = YES;
				CLANG_WARN_ENUM_CONVERSION = YES;
				CLANG_WARN_INT_CONVERSION = YES;
				CLANG_WARN_OBJC_ROOT_CLASS = YES_ERROR;
				CLANG_WARN_UNREACHABLE_CODE = YES;
				CLANG_WARN__DUPLICATE_METHOD_MATCH = YES;
				"CODE_SIGN_IDENTITY[sdk=iphoneos*]" = "iPhone Developer";
				COPY_PHASE_STRIP = NO;
				DEBUG_INFORMATION_FORMAT = "dwarf-with-dsym";
				ENABLE_NS_ASSERTIONS = NO;
				ENABLE_STRICT_OBJC_MSGSEND = YES;
				GCC_C_LANGUAGE_STANDARD = gnu99;
				GCC_NO_COMMON_BLOCKS = YES;
				GCC_WARN_64_TO_32_BIT_CONVERSION = YES;
				GCC_WARN_ABOUT_RETURN_TYPE = YES_ERROR;
				GCC_WARN_UNDECLARED_SELECTOR = YES;
				GCC_WARN_UNINITIALIZED_AUTOS = YES_AGGRESSIVE;
				GCC_WARN_UNUSED_FUNCTION = YES;
				GCC_WARN_UNUSED_VARIABLE = YES;
				IPHONEOS_DEPLOYMENT_TARGET = 8.4;
				MTL_ENABLE_DEBUG_INFO = NO;
				SDKROOT = iphoneos;
				VALIDATE_PRODUCT = YES;
			};
			name = Release;
		};
		182F9A941B6DA334001BFEBC /* Debug */ = {
			isa = XCBuildConfiguration;
			buildSettings = {
				ASSETCATALOG_COMPILER_APPICON_NAME = AppIcon;
				INFOPLIST_FILE = DVIViewUtils/Info.plist;
				LD_RUNPATH_SEARCH_PATHS = "$(inherited) @executable_path/Frameworks";
				PRODUCT_NAME = "$(TARGET_NAME)";
			};
			name = Debug;
		};
		182F9A951B6DA334001BFEBC /* Release */ = {
			isa = XCBuildConfiguration;
			buildSettings = {
				ASSETCATALOG_COMPILER_APPICON_NAME = AppIcon;
				INFOPLIST_FILE = DVIViewUtils/Info.plist;
				LD_RUNPATH_SEARCH_PATHS = "$(inherited) @executable_path/Frameworks";
				PRODUCT_NAME = "$(TARGET_NAME)";
			};
			name = Release;
		};
		182F9A971B6DA334001BFEBC /* Debug */ = {
			isa = XCBuildConfiguration;
			buildSettings = {
				BUNDLE_LOADER = "$(TEST_HOST)";
				FRAMEWORK_SEARCH_PATHS = (
					"$(SDKROOT)/Developer/Library/Frameworks",
					"$(inherited)",
				);
				GCC_PREPROCESSOR_DEFINITIONS = (
					"DEBUG=1",
					"$(inherited)",
				);
				INFOPLIST_FILE = DVIViewUtilsTests/Info.plist;
				LD_RUNPATH_SEARCH_PATHS = "$(inherited) @executable_path/Frameworks @loader_path/Frameworks";
				PRODUCT_NAME = "$(TARGET_NAME)";
				TEST_HOST = "$(BUILT_PRODUCTS_DIR)/DVIViewUtils.app/DVIViewUtils";
			};
			name = Debug;
		};
		182F9A981B6DA334001BFEBC /* Release */ = {
			isa = XCBuildConfiguration;
			buildSettings = {
				BUNDLE_LOADER = "$(TEST_HOST)";
				FRAMEWORK_SEARCH_PATHS = (
					"$(SDKROOT)/Developer/Library/Frameworks",
					"$(inherited)",
				);
				INFOPLIST_FILE = DVIViewUtilsTests/Info.plist;
				LD_RUNPATH_SEARCH_PATHS = "$(inherited) @executable_path/Frameworks @loader_path/Frameworks";
				PRODUCT_NAME = "$(TARGET_NAME)";
				TEST_HOST = "$(BUILT_PRODUCTS_DIR)/DVIViewUtils.app/DVIViewUtils";
			};
			name = Release;
		};
/* End XCBuildConfiguration section */

/* Begin XCConfigurationList section */
		182F9A6B1B6DA334001BFEBC /* Build configuration list for PBXProject "DVIViewUtils" */ = {
			isa = XCConfigurationList;
			buildConfigurations = (
				182F9A911B6DA334001BFEBC /* Debug */,
				182F9A921B6DA334001BFEBC /* Release */,
			);
			defaultConfigurationIsVisible = 0;
			defaultConfigurationName = Release;
		};
		182F9A931B6DA334001BFEBC /* Build configuration list for PBXNativeTarget "DVIViewUtils" */ = {
			isa = XCConfigurationList;
			buildConfigurations = (
				182F9A941B6DA334001BFEBC /* Debug */,
				182F9A951B6DA334001BFEBC /* Release */,
			);
			defaultConfigurationIsVisible = 0;
		};
		182F9A961B6DA334001BFEBC /* Build configuration list for PBXNativeTarget "DVIViewUtilsTests" */ = {
			isa = XCConfigurationList;
			buildConfigurations = (
				182F9A971B6DA334001BFEBC /* Debug */,
				182F9A981B6DA334001BFEBC /* Release */,
			);
			defaultConfigurationIsVisible = 0;
		};
/* End XCConfigurationList section */
	};
	rootObject = 182F9A681B6DA334001BFEBC /* Project object */;
}
